
Microsoft Visual Studio Solution File, Format Version 12.00
# Visual Studio Version 17
VisualStudioVersion = 17.7.34024.191
MinimumVisualStudioVersion = 10.0.40219.1
Project("{9A19103F-16F7-4668-BE54-9A1E7A4F7556}") = "EasyTest.DAL", "EasyTest.DAL\EasyTest.DAL.csproj", "{6C8568C3-5017-442F-8A1B-6A68AB3B5307}"
EndProject
Project("{9A19103F-16F7-4668-BE54-9A1E7A4F7556}") = "EasyTest.BLL", "EasyTest.BLL\EasyTest.BLL.csproj", "{1DD2FFDC-9EE6-44C5-96CC-003D72B5F2D4}"
EndProject
Project("{9A19103F-16F7-4668-BE54-9A1E7A4F7556}") = "EasyTest.Shared", "EasyTest.Shared\EasyTest.Shared.csproj", "{7854CCBF-73DB-4E12-BD9D-A0D4B1CEA337}"
EndProject
Project("{9A19103F-16F7-4668-BE54-9A1E7A4F7556}") = "EasyTest.WebAPI", "EasyTest.WebAPI\EasyTest.WebAPI.csproj", "{D9935160-DF8B-4EB0-9831-985C960C7B76}"
EndProject
Project("{9A19103F-16F7-4668-BE54-9A1E7A4F7556}") = "EasyTest.BLL.Tests", "EasyTest.BLL.Tests\EasyTest.BLL.Tests.csproj", "{25DD3A42-8CAB-47FD-9378-6E8131C78B9E}"
EndProject
Project("{9A19103F-16F7-4668-BE54-9A1E7A4F7556}") = "EasyTest.DAL.Tests", "EasyTest.DAL.Tests\EasyTest.DAL.Tests.csproj", "{AE65B266-B879-4DF6-8197-07777F0B26CA}"
EndProject
Project("{9A19103F-16F7-4668-BE54-9A1E7A4F7556}") = "EasyTest.WebAPI.Tests", "EasyTest.WebAPI.Tests\EasyTest.WebAPI.Tests.csproj", "{97FDA1FC-382D-4ECD-A7C8-E5F36B0522BA}"
EndProject
Project("{9A19103F-16F7-4668-BE54-9A1E7A4F7556}") = "EasyTest.WebAPI.IntegrationTests", "EasyTest.WebAPI.IntegrationTests\EasyTest.WebAPI.IntegrationTests.csproj", "{96297130-0A25-48A3-A0B9-F3EE80C619D2}"
EndProject
Global
	GlobalSection(SolutionConfigurationPlatforms) = preSolution
		Debug|Any CPU = Debug|Any CPU
		Release|Any CPU = Release|Any CPU
	EndGlobalSection
	GlobalSection(ProjectConfigurationPlatforms) = postSolution
		{6C8568C3-5017-442F-8A1B-6A68AB3B5307}.Debug|Any CPU.ActiveCfg = Debug|Any CPU
		{6C8568C3-5017-442F-8A1B-6A68AB3B5307}.Debug|Any CPU.Build.0 = Debug|Any CPU
		{6C8568C3-5017-442F-8A1B-6A68AB3B5307}.Release|Any CPU.ActiveCfg = Release|Any CPU
		{6C8568C3-5017-442F-8A1B-6A68AB3B5307}.Release|Any CPU.Build.0 = Release|Any CPU
		{1DD2FFDC-9EE6-44C5-96CC-003D72B5F2D4}.Debug|Any CPU.ActiveCfg = Debug|Any CPU
		{1DD2FFDC-9EE6-44C5-96CC-003D72B5F2D4}.Debug|Any CPU.Build.0 = Debug|Any CPU
		{1DD2FFDC-9EE6-44C5-96CC-003D72B5F2D4}.Release|Any CPU.ActiveCfg = Release|Any CPU
		{1DD2FFDC-9EE6-44C5-96CC-003D72B5F2D4}.Release|Any CPU.Build.0 = Release|Any CPU
		{7854CCBF-73DB-4E12-BD9D-A0D4B1CEA337}.Debug|Any CPU.ActiveCfg = Debug|Any CPU
		{7854CCBF-73DB-4E12-BD9D-A0D4B1CEA337}.Debug|Any CPU.Build.0 = Debug|Any CPU
		{7854CCBF-73DB-4E12-BD9D-A0D4B1CEA337}.Release|Any CPU.ActiveCfg = Release|Any CPU
		{7854CCBF-73DB-4E12-BD9D-A0D4B1CEA337}.Release|Any CPU.Build.0 = Release|Any CPU
		{D9935160-DF8B-4EB0-9831-985C960C7B76}.Debug|Any CPU.ActiveCfg = Debug|Any CPU
		{D9935160-DF8B-4EB0-9831-985C960C7B76}.Debug|Any CPU.Build.0 = Debug|Any CPU
		{D9935160-DF8B-4EB0-9831-985C960C7B76}.Release|Any CPU.ActiveCfg = Release|Any CPU
		{D9935160-DF8B-4EB0-9831-985C960C7B76}.Release|Any CPU.Build.0 = Release|Any CPU
		{25DD3A42-8CAB-47FD-9378-6E8131C78B9E}.Debug|Any CPU.ActiveCfg = Debug|Any CPU
		{25DD3A42-8CAB-47FD-9378-6E8131C78B9E}.Debug|Any CPU.Build.0 = Debug|Any CPU
		{25DD3A42-8CAB-47FD-9378-6E8131C78B9E}.Release|Any CPU.ActiveCfg = Release|Any CPU
		{25DD3A42-8CAB-47FD-9378-6E8131C78B9E}.Release|Any CPU.Build.0 = Release|Any CPU
		{AE65B266-B879-4DF6-8197-07777F0B26CA}.Debug|Any CPU.ActiveCfg = Debug|Any CPU
		{AE65B266-B879-4DF6-8197-07777F0B26CA}.Debug|Any CPU.Build.0 = Debug|Any CPU
		{AE65B266-B879-4DF6-8197-07777F0B26CA}.Release|Any CPU.ActiveCfg = Release|Any CPU
		{AE65B266-B879-4DF6-8197-07777F0B26CA}.Release|Any CPU.Build.0 = Release|Any CPU
		{97FDA1FC-382D-4ECD-A7C8-E5F36B0522BA}.Debug|Any CPU.ActiveCfg = Debug|Any CPU
		{97FDA1FC-382D-4ECD-A7C8-E5F36B0522BA}.Debug|Any CPU.Build.0 = Debug|Any CPU
		{97FDA1FC-382D-4ECD-A7C8-E5F36B0522BA}.Release|Any CPU.ActiveCfg = Release|Any CPU
		{97FDA1FC-382D-4ECD-A7C8-E5F36B0522BA}.Release|Any CPU.Build.0 = Release|Any CPU
		{96297130-0A25-48A3-A0B9-F3EE80C619D2}.Debug|Any CPU.ActiveCfg = Debug|Any CPU
		{96297130-0A25-48A3-A0B9-F3EE80C619D2}.Debug|Any CPU.Build.0 = Debug|Any CPU
		{96297130-0A25-48A3-A0B9-F3EE80C619D2}.Release|Any CPU.ActiveCfg = Release|Any CPU
		{96297130-0A25-48A3-A0B9-F3EE80C619D2}.Release|Any CPU.Build.0 = Release|Any CPU
	EndGlobalSection
	GlobalSection(SolutionProperties) = preSolution
		HideSolutionNode = FALSE
	EndGlobalSection
	GlobalSection(ExtensibilityGlobals) = postSolution
		SolutionGuid = {DC068DDE-271C-4F22-A048-9FA1B3E6E7D6}
	EndGlobalSection
EndGlobal
